
Microsoft Visual Studio Solution File, Format Version 12.00
# Visual Studio 15
VisualStudioVersion = 15.0.27004.2010
MinimumVisualStudioVersion = 10.0.40219.1
Project("{D954291E-2A0B-460D-934E-DC6B0785DB48}") = "cerradApp_v1._1", "cerradApp v1.1\cerradApp_v1._1\cerradApp_v1._1.shproj", "{89FB3D4C-7D66-447E-B2A1-709757F5ECD9}"
EndProject
Project("{FAE04EC0-301F-11D3-BF4B-00C04F79EFBC}") = "cerradApp_v1._1.Android", "cerradApp v1.1\cerradApp_v1._1.Android\cerradApp_v1._1.Android.csproj", "{CAA9D8E8-5A2D-4ADA-8E0D-E9637EBD7C95}"
EndProject
Project("{FAE04EC0-301F-11D3-BF4B-00C04F79EFBC}") = "cerradApp_v1._1.iOS", "cerradApp v1.1\cerradApp_v1._1.iOS\cerradApp_v1._1.iOS.csproj", "{D832FC6E-18A1-468E-BC50-E52C1D7B6ADD}"
EndProject
Project("{FAE04EC0-301F-11D3-BF4B-00C04F79EFBC}") = "cerradApp_v1._1.UWP", "cerradApp v1.1\cerradApp_v1._1.UWP\cerradApp_v1._1.UWP.csproj", "{663C9CC6-F064-41E4-AF66-69E981B2470F}"
EndProject
Global
	GlobalSection(SharedMSBuildProjectFiles) = preSolution
		cerradApp v1.1\cerradApp_v1._1\cerradApp_v1._1.projitems*{89fb3d4c-7d66-447e-b2a1-709757f5ecd9}*SharedItemsImports = 13
		cerradApp v1.1\cerradApp_v1._1\cerradApp_v1._1.projitems*{caa9d8e8-5a2d-4ada-8e0d-e9637ebd7c95}*SharedItemsImports = 4
		cerradApp v1.1\cerradApp_v1._1\cerradApp_v1._1.projitems*{d832fc6e-18a1-468e-bc50-e52c1d7b6add}*SharedItemsImports = 4
	EndGlobalSection
	GlobalSection(SolutionConfigurationPlatforms) = preSolution
		Ad-Hoc|Any CPU = Ad-Hoc|Any CPU
		Ad-Hoc|ARM = Ad-Hoc|ARM
		Ad-Hoc|iPhone = Ad-Hoc|iPhone
		Ad-Hoc|iPhoneSimulator = Ad-Hoc|iPhoneSimulator
		Ad-Hoc|x64 = Ad-Hoc|x64
		Ad-Hoc|x86 = Ad-Hoc|x86
		AppStore|Any CPU = AppStore|Any CPU
		AppStore|ARM = AppStore|ARM
		AppStore|iPhone = AppStore|iPhone
		AppStore|iPhoneSimulator = AppStore|iPhoneSimulator
		AppStore|x64 = AppStore|x64
		AppStore|x86 = AppStore|x86
		Debug|Any CPU = Debug|Any CPU
		Debug|ARM = Debug|ARM
		Debug|iPhone = Debug|iPhone
		Debug|iPhoneSimulator = Debug|iPhoneSimulator
		Debug|x64 = Debug|x64
		Debug|x86 = Debug|x86
		Release|Any CPU = Release|Any CPU
		Release|ARM = Release|ARM
		Release|iPhone = Release|iPhone
		Release|iPhoneSimulator = Release|iPhoneSimulator
		Release|x64 = Release|x64
		Release|x86 = Release|x86
	EndGlobalSection
	GlobalSection(ProjectConfigurationPlatforms) = postSolution
		{CAA9D8E8-5A2D-4ADA-8E0D-E9637EBD7C95}.Ad-Hoc|Any CPU.ActiveCfg = Release|Any CPU
		{CAA9D8E8-5A2D-4ADA-8E0D-E9637EBD7C95}.Ad-Hoc|Any CPU.Build.0 = Release|Any CPU
		{CAA9D8E8-5A2D-4ADA-8E0D-E9637EBD7C95}.Ad-Hoc|Any CPU.Deploy.0 = Release|Any CPU
		{CAA9D8E8-5A2D-4ADA-8E0D-E9637EBD7C95}.Ad-Hoc|ARM.ActiveCfg = Release|Any CPU
		{CAA9D8E8-5A2D-4ADA-8E0D-E9637EBD7C95}.Ad-Hoc|ARM.Build.0 = Release|Any CPU
		{CAA9D8E8-5A2D-4ADA-8E0D-E9637EBD7C95}.Ad-Hoc|ARM.Deploy.0 = Release|Any CPU
		{CAA9D8E8-5A2D-4ADA-8E0D-E9637EBD7C95}.Ad-Hoc|iPhone.ActiveCfg = Release|Any CPU
		{CAA9D8E8-5A2D-4ADA-8E0D-E9637EBD7C95}.Ad-Hoc|iPhone.Build.0 = Release|Any CPU
		{CAA9D8E8-5A2D-4ADA-8E0D-E9637EBD7C95}.Ad-Hoc|iPhone.Deploy.0 = Release|Any CPU
		{CAA9D8E8-5A2D-4ADA-8E0D-E9637EBD7C95}.Ad-Hoc|iPhoneSimulator.ActiveCfg = Release|Any CPU
		{CAA9D8E8-5A2D-4ADA-8E0D-E9637EBD7C95}.Ad-Hoc|iPhoneSimulator.Build.0 = Release|Any CPU
		{CAA9D8E8-5A2D-4ADA-8E0D-E9637EBD7C95}.Ad-Hoc|iPhoneSimulator.Deploy.0 = Release|Any CPU
		{CAA9D8E8-5A2D-4ADA-8E0D-E9637EBD7C95}.Ad-Hoc|x64.ActiveCfg = Release|Any CPU
		{CAA9D8E8-5A2D-4ADA-8E0D-E9637EBD7C95}.Ad-Hoc|x64.Build.0 = Release|Any CPU
		{CAA9D8E8-5A2D-4ADA-8E0D-E9637EBD7C95}.Ad-Hoc|x64.Deploy.0 = Release|Any CPU
		{CAA9D8E8-5A2D-4ADA-8E0D-E9637EBD7C95}.Ad-Hoc|x86.ActiveCfg = Release|Any CPU
		{CAA9D8E8-5A2D-4ADA-8E0D-E9637EBD7C95}.Ad-Hoc|x86.Build.0 = Release|Any CPU
		{CAA9D8E8-5A2D-4ADA-8E0D-E9637EBD7C95}.Ad-Hoc|x86.Deploy.0 = Release|Any CPU
		{CAA9D8E8-5A2D-4ADA-8E0D-E9637EBD7C95}.AppStore|Any CPU.ActiveCfg = Release|Any CPU
		{CAA9D8E8-5A2D-4ADA-8E0D-E9637EBD7C95}.AppStore|Any CPU.Build.0 = Release|Any CPU
		{CAA9D8E8-5A2D-4ADA-8E0D-E9637EBD7C95}.AppStore|Any CPU.Deploy.0 = Release|Any CPU
		{CAA9D8E8-5A2D-4ADA-8E0D-E9637EBD7C95}.AppStore|ARM.ActiveCfg = Release|Any CPU
		{CAA9D8E8-5A2D-4ADA-8E0D-E9637EBD7C95}.AppStore|ARM.Build.0 = Release|Any CPU
		{CAA9D8E8-5A2D-4ADA-8E0D-E9637EBD7C95}.AppStore|ARM.Deploy.0 = Release|Any CPU
		{CAA9D8E8-5A2D-4ADA-8E0D-E9637EBD7C95}.AppStore|iPhone.ActiveCfg = Release|Any CPU
		{CAA9D8E8-5A2D-4ADA-8E0D-E9637EBD7C95}.AppStore|iPhone.Build.0 = Release|Any CPU
		{CAA9D8E8-5A2D-4ADA-8E0D-E9637EBD7C95}.AppStore|iPhone.Deploy.0 = Release|Any CPU
		{CAA9D8E8-5A2D-4ADA-8E0D-E9637EBD7C95}.AppStore|iPhoneSimulator.ActiveCfg = Release|Any CPU
		{CAA9D8E8-5A2D-4ADA-8E0D-E9637EBD7C95}.AppStore|iPhoneSimulator.Build.0 = Release|Any CPU
		{CAA9D8E8-5A2D-4ADA-8E0D-E9637EBD7C95}.AppStore|iPhoneSimulator.Deploy.0 = Release|Any CPU
		{CAA9D8E8-5A2D-4ADA-8E0D-E9637EBD7C95}.AppStore|x64.ActiveCfg = Release|Any CPU
		{CAA9D8E8-5A2D-4ADA-8E0D-E9637EBD7C95}.AppStore|x64.Build.0 = Release|Any CPU
		{CAA9D8E8-5A2D-4ADA-8E0D-E9637EBD7C95}.AppStore|x64.Deploy.0 = Release|Any CPU
		{CAA9D8E8-5A2D-4ADA-8E0D-E9637EBD7C95}.AppStore|x86.ActiveCfg = Release|Any CPU
		{CAA9D8E8-5A2D-4ADA-8E0D-E9637EBD7C95}.AppStore|x86.Build.0 = Release|Any CPU
		{CAA9D8E8-5A2D-4ADA-8E0D-E9637EBD7C95}.AppStore|x86.Deploy.0 = Release|Any CPU
		{CAA9D8E8-5A2D-4ADA-8E0D-E9637EBD7C95}.Debug|Any CPU.ActiveCfg = Debug|Any CPU
		{CAA9D8E8-5A2D-4ADA-8E0D-E9637EBD7C95}.Debug|Any CPU.Build.0 = Debug|Any CPU
		{CAA9D8E8-5A2D-4ADA-8E0D-E9637EBD7C95}.Debug|Any CPU.Deploy.0 = Debug|Any CPU
		{CAA9D8E8-5A2D-4ADA-8E0D-E9637EBD7C95}.Debug|ARM.ActiveCfg = Debug|Any CPU
		{CAA9D8E8-5A2D-4ADA-8E0D-E9637EBD7C95}.Debug|ARM.Build.0 = Debug|Any CPU
		{CAA9D8E8-5A2D-4ADA-8E0D-E9637EBD7C95}.Debug|ARM.Deploy.0 = Debug|Any CPU
		{CAA9D8E8-5A2D-4ADA-8E0D-E9637EBD7C95}.Debug|iPhone.ActiveCfg = Debug|Any CPU
		{CAA9D8E8-5A2D-4ADA-8E0D-E9637EBD7C95}.Debug|iPhone.Build.0 = Debug|Any CPU
		{CAA9D8E8-5A2D-4ADA-8E0D-E9637EBD7C95}.Debug|iPhone.Deploy.0 = Debug|Any CPU
		{CAA9D8E8-5A2D-4ADA-8E0D-E9637EBD7C95}.Debug|iPhoneSimulator.ActiveCfg = Debug|Any CPU
		{CAA9D8E8-5A2D-4ADA-8E0D-E9637EBD7C95}.Debug|iPhoneSimulator.Build.0 = Debug|Any CPU
		{CAA9D8E8-5A2D-4ADA-8E0D-E9637EBD7C95}.Debug|iPhoneSimulator.Deploy.0 = Debug|Any CPU
		{CAA9D8E8-5A2D-4ADA-8E0D-E9637EBD7C95}.Debug|x64.ActiveCfg = Debug|Any CPU
		{CAA9D8E8-5A2D-4ADA-8E0D-E9637EBD7C95}.Debug|x64.Build.0 = Debug|Any CPU
		{CAA9D8E8-5A2D-4ADA-8E0D-E9637EBD7C95}.Debug|x64.Deploy.0 = Debug|Any CPU
		{CAA9D8E8-5A2D-4ADA-8E0D-E9637EBD7C95}.Debug|x86.ActiveCfg = Debug|Any CPU
		{CAA9D8E8-5A2D-4ADA-8E0D-E9637EBD7C95}.Debug|x86.Build.0 = Debug|Any CPU
		{CAA9D8E8-5A2D-4ADA-8E0D-E9637EBD7C95}.Debug|x86.Deploy.0 = Debug|Any CPU
		{CAA9D8E8-5A2D-4ADA-8E0D-E9637EBD7C95}.Release|Any CPU.ActiveCfg = Release|Any CPU
		{CAA9D8E8-5A2D-4ADA-8E0D-E9637EBD7C95}.Release|Any CPU.Build.0 = Release|Any CPU
		{CAA9D8E8-5A2D-4ADA-8E0D-E9637EBD7C95}.Release|Any CPU.Deploy.0 = Release|Any CPU
		{CAA9D8E8-5A2D-4ADA-8E0D-E9637EBD7C95}.Release|ARM.ActiveCfg = Release|Any CPU
		{CAA9D8E8-5A2D-4ADA-8E0D-E9637EBD7C95}.Release|ARM.Build.0 = Release|Any CPU
		{CAA9D8E8-5A2D-4ADA-8E0D-E9637EBD7C95}.Release|ARM.Deploy.0 = Release|Any CPU
		{CAA9D8E8-5A2D-4ADA-8E0D-E9637EBD7C95}.Release|iPhone.ActiveCfg = Release|Any CPU
		{CAA9D8E8-5A2D-4ADA-8E0D-E9637EBD7C95}.Release|iPhone.Build.0 = Release|Any CPU
		{CAA9D8E8-5A2D-4ADA-8E0D-E9637EBD7C95}.Release|iPhone.Deploy.0 = Release|Any CPU
		{CAA9D8E8-5A2D-4ADA-8E0D-E9637EBD7C95}.Release|iPhoneSimulator.ActiveCfg = Release|Any CPU
		{CAA9D8E8-5A2D-4ADA-8E0D-E9637EBD7C95}.Release|iPhoneSimulator.Build.0 = Release|Any CPU
		{CAA9D8E8-5A2D-4ADA-8E0D-E9637EBD7C95}.Release|iPhoneSimulator.Deploy.0 = Release|Any CPU
		{CAA9D8E8-5A2D-4ADA-8E0D-E9637EBD7C95}.Release|x64.ActiveCfg = Release|Any CPU
		{CAA9D8E8-5A2D-4ADA-8E0D-E9637EBD7C95}.Release|x64.Build.0 = Release|Any CPU
		{CAA9D8E8-5A2D-4ADA-8E0D-E9637EBD7C95}.Release|x64.Deploy.0 = Release|Any CPU
		{CAA9D8E8-5A2D-4ADA-8E0D-E9637EBD7C95}.Release|x86.ActiveCfg = Release|Any CPU
		{CAA9D8E8-5A2D-4ADA-8E0D-E9637EBD7C95}.Release|x86.Build.0 = Release|Any CPU
		{CAA9D8E8-5A2D-4ADA-8E0D-E9637EBD7C95}.Release|x86.Deploy.0 = Release|Any CPU
		{D832FC6E-18A1-468E-BC50-E52C1D7B6ADD}.Ad-Hoc|Any CPU.ActiveCfg = Ad-Hoc|iPhoneSimulator
		{D832FC6E-18A1-468E-BC50-E52C1D7B6ADD}.Ad-Hoc|ARM.ActiveCfg = Ad-Hoc|iPhone
		{D832FC6E-18A1-468E-BC50-E52C1D7B6ADD}.Ad-Hoc|iPhone.ActiveCfg = Ad-Hoc|iPhone
		{D832FC6E-18A1-468E-BC50-E52C1D7B6ADD}.Ad-Hoc|iPhone.Build.0 = Ad-Hoc|iPhone
		{D832FC6E-18A1-468E-BC50-E52C1D7B6ADD}.Ad-Hoc|iPhoneSimulator.ActiveCfg = Ad-Hoc|iPhoneSimulator
		{D832FC6E-18A1-468E-BC50-E52C1D7B6ADD}.Ad-Hoc|iPhoneSimulator.Build.0 = Ad-Hoc|iPhoneSimulator
		{D832FC6E-18A1-468E-BC50-E52C1D7B6ADD}.Ad-Hoc|x64.ActiveCfg = Ad-Hoc|iPhone
		{D832FC6E-18A1-468E-BC50-E52C1D7B6ADD}.Ad-Hoc|x86.ActiveCfg = Ad-Hoc|iPhone
		{D832FC6E-18A1-468E-BC50-E52C1D7B6ADD}.AppStore|Any CPU.ActiveCfg = AppStore|iPhoneSimulator
		{D832FC6E-18A1-468E-BC50-E52C1D7B6ADD}.AppStore|ARM.ActiveCfg = AppStore|iPhone
		{D832FC6E-18A1-468E-BC50-E52C1D7B6ADD}.AppStore|iPhone.ActiveCfg = AppStore|iPhone
		{D832FC6E-18A1-468E-BC50-E52C1D7B6ADD}.AppStore|iPhone.Build.0 = AppStore|iPhone
		{D832FC6E-18A1-468E-BC50-E52C1D7B6ADD}.AppStore|iPhoneSimulator.ActiveCfg = AppStore|iPhoneSimulator
		{D832FC6E-18A1-468E-BC50-E52C1D7B6ADD}.AppStore|iPhoneSimulator.Build.0 = AppStore|iPhoneSimulator
		{D832FC6E-18A1-468E-BC50-E52C1D7B6ADD}.AppStore|x64.ActiveCfg = AppStore|iPhone
		{D832FC6E-18A1-468E-BC50-E52C1D7B6ADD}.AppStore|x86.ActiveCfg = AppStore|iPhone
		{D832FC6E-18A1-468E-BC50-E52C1D7B6ADD}.Debug|Any CPU.ActiveCfg = Debug|iPhoneSimulator
		{D832FC6E-18A1-468E-BC50-E52C1D7B6ADD}.Debug|ARM.ActiveCfg = Debug|iPhone
		{D832FC6E-18A1-468E-BC50-E52C1D7B6ADD}.Debug|iPhone.ActiveCfg = Debug|iPhone
		{D832FC6E-18A1-468E-BC50-E52C1D7B6ADD}.Debug|iPhone.Build.0 = Debug|iPhone
		{D832FC6E-18A1-468E-BC50-E52C1D7B6ADD}.Debug|iPhoneSimulator.ActiveCfg = Debug|iPhoneSimulator
		{D832FC6E-18A1-468E-BC50-E52C1D7B6ADD}.Debug|iPhoneSimulator.Build.0 = Debug|iPhoneSimulator
		{D832FC6E-18A1-468E-BC50-E52C1D7B6ADD}.Debug|x64.ActiveCfg = Debug|iPhone
		{D832FC6E-18A1-468E-BC50-E52C1D7B6ADD}.Debug|x86.ActiveCfg = Debug|iPhone
		{D832FC6E-18A1-468E-BC50-E52C1D7B6ADD}.Release|Any CPU.ActiveCfg = Release|iPhoneSimulator
		{D832FC6E-18A1-468E-BC50-E52C1D7B6ADD}.Release|ARM.ActiveCfg = Release|iPhone
		{D832FC6E-18A1-468E-BC50-E52C1D7B6ADD}.Release|iPhone.ActiveCfg = Release|iPhone
		{D832FC6E-18A1-468E-BC50-E52C1D7B6ADD}.Release|iPhone.Build.0 = Release|iPhone
		{D832FC6E-18A1-468E-BC50-E52C1D7B6ADD}.Release|iPhoneSimulator.ActiveCfg = Release|iPhoneSimulator
		{D832FC6E-18A1-468E-BC50-E52C1D7B6ADD}.Release|iPhoneSimulator.Build.0 = Release|iPhoneSimulator
		{D832FC6E-18A1-468E-BC50-E52C1D7B6ADD}.Release|x64.ActiveCfg = Release|iPhone
		{D832FC6E-18A1-468E-BC50-E52C1D7B6ADD}.Release|x86.ActiveCfg = Release|iPhone
		{663C9CC6-F064-41E4-AF66-69E981B2470F}.Ad-Hoc|Any CPU.ActiveCfg = Release|x86
		{663C9CC6-F064-41E4-AF66-69E981B2470F}.Ad-Hoc|Any CPU.Build.0 = Release|x86
		{663C9CC6-F064-41E4-AF66-69E981B2470F}.Ad-Hoc|Any CPU.Deploy.0 = Release|x86
		{663C9CC6-F064-41E4-AF66-69E981B2470F}.Ad-Hoc|ARM.ActiveCfg = Release|ARM
		{663C9CC6-F064-41E4-AF66-69E981B2470F}.Ad-Hoc|ARM.Build.0 = Release|ARM
		{663C9CC6-F064-41E4-AF66-69E981B2470F}.Ad-Hoc|ARM.Deploy.0 = Release|ARM
		{663C9CC6-F064-41E4-AF66-69E981B2470F}.Ad-Hoc|iPhone.ActiveCfg = Release|x86
		{663C9CC6-F064-41E4-AF66-69E981B2470F}.Ad-Hoc|iPhone.Build.0 = Release|x86
		{663C9CC6-F064-41E4-AF66-69E981B2470F}.Ad-Hoc|iPhone.Deploy.0 = Release|x86
		{663C9CC6-F064-41E4-AF66-69E981B2470F}.Ad-Hoc|iPhoneSimulator.ActiveCfg = Release|x86
		{663C9CC6-F064-41E4-AF66-69E981B2470F}.Ad-Hoc|iPhoneSimulator.Build.0 = Release|x86
		{663C9CC6-F064-41E4-AF66-69E981B2470F}.Ad-Hoc|iPhoneSimulator.Deploy.0 = Release|x86
		{663C9CC6-F064-41E4-AF66-69E981B2470F}.Ad-Hoc|x64.ActiveCfg = Release|x64
		{663C9CC6-F064-41E4-AF66-69E981B2470F}.Ad-Hoc|x64.Build.0 = Release|x64
		{663C9CC6-F064-41E4-AF66-69E981B2470F}.Ad-Hoc|x64.Deploy.0 = Release|x64
		{663C9CC6-F064-41E4-AF66-69E981B2470F}.Ad-Hoc|x86.ActiveCfg = Release|x86
		{663C9CC6-F064-41E4-AF66-69E981B2470F}.Ad-Hoc|x86.Build.0 = Release|x86
		{663C9CC6-F064-41E4-AF66-69E981B2470F}.Ad-Hoc|x86.Deploy.0 = Release|x86
		{663C9CC6-F064-41E4-AF66-69E981B2470F}.AppStore|Any CPU.ActiveCfg = Release|x86
		{663C9CC6-F064-41E4-AF66-69E981B2470F}.AppStore|Any CPU.Build.0 = Release|x86
		{663C9CC6-F064-41E4-AF66-69E981B2470F}.AppStore|Any CPU.Deploy.0 = Release|x86
		{663C9CC6-F064-41E4-AF66-69E981B2470F}.AppStore|ARM.ActiveCfg = Release|ARM
		{663C9CC6-F064-41E4-AF66-69E981B2470F}.AppStore|ARM.Build.0 = Release|ARM
		{663C9CC6-F064-41E4-AF66-69E981B2470F}.AppStore|ARM.Deploy.0 = Release|ARM
		{663C9CC6-F064-41E4-AF66-69E981B2470F}.AppStore|iPhone.ActiveCfg = Release|x86
		{663C9CC6-F064-41E4-AF66-69E981B2470F}.AppStore|iPhone.Build.0 = Release|x86
		{663C9CC6-F064-41E4-AF66-69E981B2470F}.AppStore|iPhone.Deploy.0 = Release|x86
		{663C9CC6-F064-41E4-AF66-69E981B2470F}.AppStore|iPhoneSimulator.ActiveCfg = Release|x86
		{663C9CC6-F064-41E4-AF66-69E981B2470F}.AppStore|iPhoneSimulator.Build.0 = Release|x86
		{663C9CC6-F064-41E4-AF66-69E981B2470F}.AppStore|iPhoneSimulator.Deploy.0 = Release|x86
		{663C9CC6-F064-41E4-AF66-69E981B2470F}.AppStore|x64.ActiveCfg = Release|x64
		{663C9CC6-F064-41E4-AF66-69E981B2470F}.AppStore|x64.Build.0 = Release|x64
		{663C9CC6-F064-41E4-AF66-69E981B2470F}.AppStore|x64.Deploy.0 = Release|x64
		{663C9CC6-F064-41E4-AF66-69E981B2470F}.AppStore|x86.ActiveCfg = Release|x86
		{663C9CC6-F064-41E4-AF66-69E981B2470F}.AppStore|x86.Build.0 = Release|x86
		{663C9CC6-F064-41E4-AF66-69E981B2470F}.AppStore|x86.Deploy.0 = Release|x86
		{663C9CC6-F064-41E4-AF66-69E981B2470F}.Debug|Any CPU.ActiveCfg = Debug|x86
		{663C9CC6-F064-41E4-AF66-69E981B2470F}.Debug|ARM.ActiveCfg = Debug|ARM
		{663C9CC6-F064-41E4-AF66-69E981B2470F}.Debug|ARM.Build.0 = Debug|ARM
		{663C9CC6-F064-41E4-AF66-69E981B2470F}.Debug|ARM.Deploy.0 = Debug|ARM
		{663C9CC6-F064-41E4-AF66-69E981B2470F}.Debug|iPhone.ActiveCfg = Debug|x86
		{663C9CC6-F064-41E4-AF66-69E981B2470F}.Debug|iPhoneSimulator.ActiveCfg = Debug|x86
		{663C9CC6-F064-41E4-AF66-69E981B2470F}.Debug|x64.ActiveCfg = Debug|x64
		{663C9CC6-F064-41E4-AF66-69E981B2470F}.Debug|x64.Build.0 = Debug|x64
		{663C9CC6-F064-41E4-AF66-69E981B2470F}.Debug|x64.Deploy.0 = Debug|x64
		{663C9CC6-F064-41E4-AF66-69E981B2470F}.Debug|x86.ActiveCfg = Debug|x86
		{663C9CC6-F064-41E4-AF66-69E981B2470F}.Debug|x86.Build.0 = Debug|x86
		{663C9CC6-F064-41E4-AF66-69E981B2470F}.Debug|x86.Deploy.0 = Debug|x86
		{663C9CC6-F064-41E4-AF66-69E981B2470F}.Release|Any CPU.ActiveCfg = Release|x86
		{663C9CC6-F064-41E4-AF66-69E981B2470F}.Release|ARM.ActiveCfg = Release|ARM
		{663C9CC6-F064-41E4-AF66-69E981B2470F}.Release|ARM.Build.0 = Release|ARM
		{663C9CC6-F064-41E4-AF66-69E981B2470F}.Release|ARM.Deploy.0 = Release|ARM
		{663C9CC6-F064-41E4-AF66-69E981B2470F}.Release|iPhone.ActiveCfg = Release|x86
		{663C9CC6-F064-41E4-AF66-69E981B2470F}.Release|iPhoneSimulator.ActiveCfg = Release|x86
		{663C9CC6-F064-41E4-AF66-69E981B2470F}.Release|x64.ActiveCfg = Release|x64
		{663C9CC6-F064-41E4-AF66-69E981B2470F}.Release|x64.Build.0 = Release|x64
		{663C9CC6-F064-41E4-AF66-69E981B2470F}.Release|x64.Deploy.0 = Release|x64
		{663C9CC6-F064-41E4-AF66-69E981B2470F}.Release|x86.ActiveCfg = Release|x86
		{663C9CC6-F064-41E4-AF66-69E981B2470F}.Release|x86.Build.0 = Release|x86
		{663C9CC6-F064-41E4-AF66-69E981B2470F}.Release|x86.Deploy.0 = Release|x86
	EndGlobalSection
	GlobalSection(SolutionProperties) = preSolution
		HideSolutionNode = FALSE
	EndGlobalSection
	GlobalSection(ExtensibilityGlobals) = postSolution
		SolutionGuid = {D89E8DAC-E278-469B-9F71-F0A4200F5768}
	EndGlobalSection
EndGlobal
